
Microsoft Visual Studio Solution File, Format Version 12.00
# Visual Studio Version 16
VisualStudioVersion = 16.0.29709.97
MinimumVisualStudioVersion = 10.0.40219.1
Project("{FAE04EC0-301F-11D3-BF4B-00C04F79EFBC}") = "praktika4", "praktika4\praktika4.csproj", "{BA47AE31-AF31-4150-B04D-BE0989C5F1F9}"
EndProject
Global
	GlobalSection(SolutionConfigurationPlatforms) = preSolution
		Debug|Any CPU = Debug|Any CPU
		Release|Any CPU = Release|Any CPU
	EndGlobalSection
	GlobalSection(ProjectConfigurationPlatforms) = postSolution
		{BA47AE31-AF31-4150-B04D-BE0989C5F1F9}.Debug|Any CPU.ActiveCfg = Debug|Any CPU
		{BA47AE31-AF31-4150-B04D-BE0989C5F1F9}.Debug|Any CPU.Build.0 = Debug|Any CPU
		{BA47AE31-AF31-4150-B04D-BE0989C5F1F9}.Release|Any CPU.ActiveCfg = Release|Any CPU
		{BA47AE31-AF31-4150-B04D-BE0989C5F1F9}.Release|Any CPU.Build.0 = Release|Any CPU
	EndGlobalSection
	GlobalSection(SolutionProperties) = preSolution
		HideSolutionNode = FALSE
	EndGlobalSection
	GlobalSection(ExtensibilityGlobals) = postSolution
		SolutionGuid = {86EFAD93-795E-49A6-BBED-E64E7AF2076E}
	EndGlobalSection
EndGlobal
